// !$*UTF8*$!
{
	archiveVersion = 1;
	classes = {
	};
	objectVersion = 77;
	objects = {

/* Begin PBXContainerItemProxy section */
		04BE71A92FAC9D6800E245B1 /* PBXContainerItemProxy */ = {
			isa = PBXContainerItemProxy;
			containerPortal = 04BE718F2FAC9D6600E245B1 /* Project object */;
			proxyType = 1;
			remoteGlobalIDString = 04BE71962FAC9D6600E245B1;
			remoteInfo = Rekam;
		};
		04BE71B32FAC9D6800E245B1 /* PBXContainerItemProxy */ = {
			isa = PBXContainerItemProxy;
			containerPortal = 04BE718F2FAC9D6600E245B1 /* Project object */;
			proxyType = 1;
			remoteGlobalIDString = 04BE71962FAC9D6600E245B1;
			remoteInfo = Rekam;
		};
/* End PBXContainerItemProxy section */

/* Begin PBXFileReference section */
		04BE71972FAC9D6600E245B1 /* Rekam.app */ = {isa = PBXFileReference; explicitFileType = wrapper.application; includeInIndex = 0; path = Rekam.app; sourceTree = BUILT_PRODUCTS_DIR; };
		04BE71A82FAC9D6800E245B1 /* RekamTests.xctest */ = {isa = PBXFileReference; explicitFileType = wrapper.cfbundle; includeInIndex = 0; path = RekamTests.xctest; sourceTree = BUILT_PRODUCTS_DIR; };
		04BE71B22FAC9D6800E245B1 /* RekamUITests.xctest */ = {isa = PBXFileReference; explicitFileType = wrapper.cfbundle; includeInIndex = 0; path = RekamUITests.xctest; sourceTree = BUILT_PRODUCTS_DIR; };
/* End PBXFileReference section */

/* Begin PBXFileSystemSynchronizedRootGroup section */
		04BE71992FAC9D6600E245B1 /* Rekam */ = {
			isa = PBXFileSystemSynchronizedRootGroup;
			path = Rekam;
			sourceTree = "<group>";
		};
		04BE71AB2FAC9D6800E245B1 /* RekamTests */ = {
			isa = PBXFileSystemSynchronizedRootGroup;
			path = RekamTests;
			sourceTree = "<group>";
		};
		04BE71B52FAC9D6800E245B1 /* RekamUITests */ = {
			isa = PBXFileSystemSynchronizedRootGroup;
			path = RekamUITests;
			sourceTree = "<group>";
		};
/* End PBXFileSystemSynchronizedRootGroup section */

/* Begin PBXFrameworksBuildPhase section */
		04BE71942FAC9D6600E245B1 /* Frameworks */ = {
			isa = PBXFrameworksBuildPhase;
			buildActionMask = 2147483647;
			files = (
			);
			runOnlyForDeploymentPostprocessing = 0;
		};
		04BE71A52FAC9D6800E245B1 /* Frameworks */ = {
			isa = PBXFrameworksBuildPhase;
			buildActionMask = 2147483647;
			files = (
			);
			runOnlyForDeploymentPostprocessing = 0;
		};
		04BE71AF2FAC9D6800E245B1 /* Frameworks */ = {
			isa = PBXFrameworksBuildPhase;
			buildActionMask = 2147483647;
			files = (
			);
			runOnlyForDeploymentPostprocessing = 0;
		};
/* End PBXFrameworksBuildPhase section */

/* Begin PBXGroup section */
		04BE718E2FAC9D6600E245B1 = {
			isa = PBXGroup;
			children = (
				04BE71992FAC9D6600E245B1 /* Rekam */,
				04BE71AB2FAC9D6800E245B1 /* RekamTests */,
				04BE71B52FAC9D6800E245B1 /* RekamUITests */,
				04BE71982FAC9D6600E245B1 /* Products */,
			);
			sourceTree = "<group>";
		};
		04BE71982FAC9D6600E245B1 /* Products */ = {
			isa = PBXGroup;
			children = (
				04BE71972FAC9D6600E245B1 /* Rekam.app */,
				04BE71A82FAC9D6800E245B1 /* RekamTests.xctest */,
				04BE71B22FAC9D6800E245B1 /* RekamUITests.xctest */,
			);
			name = Products;
			sourceTree = "<group>";
		};
/* End PBXGroup section */

/* Begin PBXNativeTarget section */
		04BE71962FAC9D6600E245B1 /* Rekam */ = {
			isa = PBXNativeTarget;
			buildConfigurationList = 04BE71BC2FAC9D6800E245B1 /* Build configuration list for PBXNativeTarget "Rekam" */;
			buildPhases = (
				04BE71932FAC9D6600E245B1 /* Sources */,
				04BE71942FAC9D6600E245B1 /* Frameworks */,
				04BE71952FAC9D6600E245B1 /* Resources */,
			);
			buildRules = (
			);
			dependencies = (
			);
			fileSystemSynchronizedGroups = (
				04BE71992FAC9D6600E245B1 /* Rekam */,
			);
			name = Rekam;
			packageProductDependencies = (
			);
			productName = Rekam;
			productReference = 04BE71972FAC9D6600E245B1 /* Rekam.app */;
			productType = "com.apple.product-type.application";
		};
		04BE71A72FAC9D6800E245B1 /* RekamTests */ = {
			isa = PBXNativeTarget;
			buildConfigurationList = 04BE71BF2FAC9D6800E245B1 /* Build configuration list for PBXNativeTarget "RekamTests" */;
			buildPhases = (
				04BE71A42FAC9D6800E245B1 /* Sources */,
				04BE71A52FAC9D6800E245B1 /* Frameworks */,
				04BE71A62FAC9D6800E245B1 /* Resources */,
			);
			buildRules = (
			);
			dependencies = (
				04BE71AA2FAC9D6800E245B1 /* PBXTargetDependency */,
			);
			fileSystemSynchronizedGroups = (
				04BE71AB2FAC9D6800E245B1 /* RekamTests */,
			);
			name = RekamTests;
			packageProductDependencies = (
			);
			productName = RekamTests;
			productReference = 04BE71A82FAC9D6800E245B1 /* RekamTests.xctest */;
			productType = "com.apple.product-type.bundle.unit-test";
		};
		04BE71B12FAC9D6800E245B1 /* RekamUITests */ = {
			isa = PBXNativeTarget;
			buildConfigurationList = 04BE71C22FAC9D6800E245B1 /* Build configuration list for PBXNativeTarget "RekamUITests" */;
			buildPhases = (
				04BE71AE2FAC9D6800E245B1 /* Sources */,
				04BE71AF2FAC9D6800E245B1 /* Frameworks */,
				04BE71B02FAC9D6800E245B1 /* Resources */,
			);
			buildRules = (
			);
			dependencies = (
				04BE71B42FAC9D6800E245B1 /* PBXTargetDependency */,
			);
			fileSystemSynchronizedGroups = (
				04BE71B52FAC9D6800E245B1 /* RekamUITests */,
			);
			name = RekamUITests;
			packageProductDependencies = (
			);
			productName = RekamUITests;
			productReference = 04BE71B22FAC9D6800E245B1 /* RekamUITests.xctest */;
			productType = "com.apple.product-type.bundle.ui-testing";
		};
/* End PBXNativeTarget section */

/* Begin PBXProject section */
		04BE718F2FAC9D6600E245B1 /* Project object */ = {
			isa = PBXProject;
			attributes = {
				BuildIndependentTargetsInParallel = 1;
				LastSwiftUpdateCheck = 1610;
				LastUpgradeCheck = 1610;
				TargetAttributes = {
					04BE71962FAC9D6600E245B1 = {
						CreatedOnToolsVersion = 16.1;
					};
					04BE71A72FAC9D6800E245B1 = {
						CreatedOnToolsVersion = 16.1;
						TestTargetID = 04BE71962FAC9D6600E245B1;
					};
					04BE71B12FAC9D6800E245B1 = {
						CreatedOnToolsVersion = 16.1;
						TestTargetID = 04BE71962FAC9D6600E245B1;
					};
				};
			};
			buildConfigurationList = 04BE71922FAC9D6600E245B1 /* Build configuration list for PBXProject "Rekam" */;
			developmentRegion = en;
			hasScannedForEncodings = 0;
			knownRegions = (
				en,
				Base,
			);
			mainGroup = 04BE718E2FAC9D6600E245B1;
			minimizedProjectReferenceProxies = 1;
			preferredProjectObjectVersion = 77;
			productRefGroup = 04BE71982FAC9D6600E245B1 /* Products */;
			projectDirPath = "";
			projectRoot = "";
			targets = (
				04BE71962FAC9D6600E245B1 /* Rekam */,
				04BE71A72FAC9D6800E245B1 /* RekamTests */,
				04BE71B12FAC9D6800E245B1 /* RekamUITests */,
			);
		};
/* End PBXProject section */

/* Begin PBXResourcesBuildPhase section */
		04BE71952FAC9D6600E245B1 /* Resources */ = {
			isa = PBXResourcesBuildPhase;
			buildActionMask = 2147483647;
			files = (
			);
			runOnlyForDeploymentPostprocessing = 0;
		};
		04BE71A62FAC9D6800E245B1 /* Resources */ = {
			isa = PBXResourcesBuildPhase;
			buildActionMask = 2147483647;
			files = (
			);
			runOnlyForDeploymentPostprocessing = 0;
		};
		04BE71B02FAC9D6800E245B1 /* Resources */ = {
			isa = PBXResourcesBuildPhase;
			buildActionMask = 2147483647;
			files = (
			);
			runOnlyForDeploymentPostprocessing = 0;
		};
/* End PBXResourcesBuildPhase section */

/* Begin PBXSourcesBuildPhase section */
		04BE71932FAC9D6600E245B1 /* Sources */ = {
			isa = PBXSourcesBuildPhase;
			buildActionMask = 2147483647;
			files = (
			);
			runOnlyForDeploymentPostprocessing = 0;
		};
		04BE71A42FAC9D6800E245B1 /* Sources */ = {
			isa = PBXSourcesBuildPhase;
			buildActionMask = 2147483647;
			files = (
			);
			runOnlyForDeploymentPostprocessing = 0;
		};
		04BE71AE2FAC9D6800E245B1 /* Sources */ = {
			isa = PBXSourcesBuildPhase;
			buildActionMask = 2147483647;
			files = (
			);
			runOnlyForDeploymentPostprocessing = 0;
		};
/* End PBXSourcesBuildPhase section */

/* Begin PBXTargetDependency section */
		04BE71AA2FAC9D6800E245B1 /* PBXTargetDependency */ = {
			isa = PBXTargetDependency;
			target = 04BE71962FAC9D6600E245B1 /* Rekam */;
			targetProxy = 04BE71A92FAC9D6800E245B1 /* PBXContainerItemProxy */;
		};
		04BE71B42FAC9D6800E245B1 /* PBXTargetDependency */ = {
			isa = PBXTargetDependency;
			target = 04BE71962FAC9D6600E245B1 /* Rekam */;
			targetProxy = 04BE71B32FAC9D6800E245B1 /* PBXContainerItemProxy */;
		};
/* End PBXTargetDependency section */

/* Begin XCBuildConfiguration section */
		04BE71BA2FAC9D6800E245B1 /* Debug */ = {
			isa = XCBuildConfiguration;
			buildSettings = {
				ALWAYS_SEARCH_USER_PATHS = NO;
				ASSETCATALOG_COMPILER_GENERATE_SWIFT_ASSET_SYMBOL_EXTENSIONS = YES;
				CLANG_ANALYZER_NONNULL = YES;
				CLANG_ANALYZER_NUMBER_OBJECT_CONVERSION = YES_AGGRESSIVE;
				CLANG_CXX_LANGUAGE_STANDARD = "gnu++20";
				CLANG_ENABLE_MODULES = YES;
				CLANG_ENABLE_OBJC_ARC = YES;
				CLANG_ENABLE_OBJC_WEAK = YES;
				CLANG_WARN_BLOCK_CAPTURE_AUTORELEASING = YES;
				CLANG_WARN_BOOL_CONVERSION = YES;
				CLANG_WARN_COMMA = YES;
				CLANG_WARN_CONSTANT_CONVERSION = YES;
				CLANG_WARN_DEPRECATED_OBJC_IMPLEMENTATIONS = YES;
				CLANG_WARN_DIRECT_OBJC_ISA_USAGE = YES_ERROR;
				CLANG_WARN_DOCUMENTATION_COMMENTS = YES;
				CLANG_WARN_EMPTY_BODY = YES;
				CLANG_WARN_ENUM_CONVERSION = YES;
				CLANG_WARN_INFINITE_RECURSION = YES;
				CLANG_WARN_INT_CONVERSION = YES;
				CLANG_WARN_NON_LITERAL_NULL_CONVERSION = YES;
				CLANG_WARN_OBJC_IMPLICIT_RETAIN_SELF = YES;
				CLANG_WARN_OBJC_LITERAL_CONVERSION = YES;
				CLANG_WARN_OBJC_ROOT_CLASS = YES_ERROR;
				CLANG_WARN_QUOTED_INCLUDE_IN_FRAMEWORK_HEADER = YES;
				CLANG_WARN_RANGE_LOOP_ANALYSIS = YES;
				CLANG_WARN_STRICT_PROTOTYPES = YES;
				CLANG_WARN_SUSPICIOUS_MOVE = YES;
				CLANG_WARN_UNGUARDED_AVAILABILITY = YES_AGGRESSIVE;
				CLANG_WARN_UNREACHABLE_CODE = YES;
				CLANG_WARN__DUPLICATE_METHOD_MATCH = YES;
				COPY_PHASE_STRIP = NO;
				DEBUG_INFORMATION_FORMAT = dwarf;
				ENABLE_STRICT_OBJC_MSGSEND = YES;
				ENABLE_TESTABILITY = YES;
				ENABLE_USER_SCRIPT_SANDBOXING = YES;
				GCC_C_LANGUAGE_STANDARD = gnu17;
				GCC_DYNAMIC_NO_PIC = NO;
				GCC_NO_COMMON_BLOCKS = YES;
				GCC_OPTIMIZATION_LEVEL = 0;
				GCC_PREPROCESSOR_DEFINITIONS = (
					"DEBUG=1",
					"$(inherited)",
				);
				GCC_WARN_64_TO_32_BIT_CONVERSION = YES;
				GCC_WARN_ABOUT_RETURN_TYPE = YES_ERROR;
				GCC_WARN_UNDECLARED_SELECTOR = YES;
				GCC_WARN_UNINITIALIZED_AUTOS = YES_AGGRESSIVE;
				GCC_WARN_UNUSED_FUNCTION = YES;
				GCC_WARN_UNUSED_VARIABLE = YES;
				LOCALIZATION_PREFERS_STRING_CATALOGS = YES;
				MACOSX_DEPLOYMENT_TARGET = 15.1;
				MTL_ENABLE_DEBUG_INFO = INCLUDE_SOURCE;
				MTL_FAST_MATH = YES;
				ONLY_ACTIVE_ARCH = YES;
				SDKROOT = macosx;
				SWIFT_ACTIVE_COMPILATION_CONDITIONS = "DEBUG $(inherited)";
				SWIFT_OPTIMIZATION_LEVEL = "-Onone";
			};
			name = Debug;
		};
		04BE71BB2FAC9D6800E245B1 /* Release */ = {
			isa = XCBuildConfiguration;
			buildSettings = {
				ALWAYS_SEARCH_USER_PATHS = NO;
				ASSETCATALOG_COMPILER_GENERATE_SWIFT_ASSET_SYMBOL_EXTENSIONS = YES;
				CLANG_ANALYZER_NONNULL = YES;
				CLANG_ANALYZER_NUMBER_OBJECT_CONVERSION = YES_AGGRESSIVE;
				CLANG_CXX_LANGUAGE_STANDARD = "gnu++20";
				CLANG_ENABLE_MODULES = YES;
				CLANG_ENABLE_OBJC_ARC = YES;
				CLANG_ENABLE_OBJC_WEAK = YES;
				CLANG_WARN_BLOCK_CAPTURE_AUTORELEASING = YES;
				CLANG_WARN_BOOL_CONVERSION = YES;
				CLANG_WARN_COMMA = YES;
				CLANG_WARN_CONSTANT_CONVERSION = YES;
				CLANG_WARN_DEPRECATED_OBJC_IMPLEMENTATIONS = YES;
				CLANG_WARN_DIRECT_OBJC_ISA_USAGE = YES_ERROR;
				CLANG_WARN_DOCUMENTATION_COMMENTS = YES;
				CLANG_WARN_EMPTY_BODY = YES;
				CLANG_WARN_ENUM_CONVERSION = YES;
				CLANG_WARN_INFINITE_RECURSION = YES;
				CLANG_WARN_INT_CONVERSION = YES;
				CLANG_WARN_NON_LITERAL_NULL_CONVERSION = YES;
				CLANG_WARN_OBJC_IMPLICIT_RETAIN_SELF = YES;
				CLANG_WARN_OBJC_LITERAL_CONVERSION = YES;
				CLANG_WARN_OBJC_ROOT_CLASS = YES_ERROR;
				CLANG_WARN_QUOTED_INCLUDE_IN_FRAMEWORK_HEADER = YES;
				CLANG_WARN_RANGE_LOOP_ANALYSIS = YES;
				CLANG_WARN_STRICT_PROTOTYPES = YES;
				CLANG_WARN_SUSPICIOUS_MOVE = YES;
				CLANG_WARN_UNGUARDED_AVAILABILITY = YES_AGGRESSIVE;
				CLANG_WARN_UNREACHABLE_CODE = YES;
				CLANG_WARN__DUPLICATE_METHOD_MATCH = YES;
				COPY_PHASE_STRIP = NO;
				DEBUG_INFORMATION_FORMAT = "dwarf-with-dsym";
				ENABLE_NS_ASSERTIONS = NO;
				ENABLE_STRICT_OBJC_MSGSEND = YES;
				ENABLE_USER_SCRIPT_SANDBOXING = YES;
				GCC_C_LANGUAGE_STANDARD = gnu17;
				GCC_NO_COMMON_BLOCKS = YES;
				GCC_WARN_64_TO_32_BIT_CONVERSION = YES;
				GCC_WARN_ABOUT_RETURN_TYPE = YES_ERROR;
				GCC_WARN_UNDECLARED_SELECTOR = YES;
				GCC_WARN_UNINITIALIZED_AUTOS = YES_AGGRESSIVE;
				GCC_WARN_UNUSED_FUNCTION = YES;
				GCC_WARN_UNUSED_VARIABLE = YES;
				LOCALIZATION_PREFERS_STRING_CATALOGS = YES;
				MACOSX_DEPLOYMENT_TARGET = 15.1;
				MTL_ENABLE_DEBUG_INFO = NO;
				MTL_FAST_MATH = YES;
				SDKROOT = macosx;
				SWIFT_COMPILATION_MODE = wholemodule;
			};
			name = Release;
		};
		04BE71BD2FAC9D6800E245B1 /* Debug */ = {
			isa = XCBuildConfiguration;
			buildSettings = {
				ASSETCATALOG_COMPILER_APPICON_NAME = AppIcon;
				ASSETCATALOG_COMPILER_GLOBAL_ACCENT_COLOR_NAME = AccentColor;
				ASSETCATALOG_COMPILER_INCLUDE_ALL_APPICON_ASSETS = NO;
				CODE_SIGN_ENTITLEMENTS = Rekam/Rekam.entitlements;
				CODE_SIGN_STYLE = Automatic;
				COMBINE_HIDPI_IMAGES = YES;
				CURRENT_PROJECT_VERSION = 1;
				DEVELOPMENT_ASSET_PATHS = "\"Rekam/Preview Content\"";
				ENABLE_PREVIEWS = YES;
				GENERATE_INFOPLIST_FILE = YES;
				INFOPLIST_KEY_CFBundleDisplayName = Rekam;
				INFOPLIST_KEY_NSHumanReadableCopyright = "";
				INFOPLIST_KEY_NSMicrophoneUsageDescription = "Rekam records your microphone alongside the screen.";
				LD_RUNPATH_SEARCH_PATHS = (
					"$(inherited)",
					"@executable_path/../Frameworks",
				);
				MARKETING_VERSION = 1.0;
				PRODUCT_BUNDLE_IDENTIFIER = firhanram.Rekam;
				PRODUCT_NAME = "$(TARGET_NAME)";
				SWIFT_EMIT_LOC_STRINGS = YES;
				SWIFT_VERSION = 5.0;
			};
			name = Debug;
		};
		04BE71BE2FAC9D6800E245B1 /* Release */ = {
			isa = XCBuildConfiguration;
			buildSettings = {
				ASSETCATALOG_COMPILER_APPICON_NAME = AppIcon;
				ASSETCATALOG_COMPILER_GLOBAL_ACCENT_COLOR_NAME = AccentColor;
				ASSETCATALOG_COMPILER_INCLUDE_ALL_APPICON_ASSETS = NO;
				CODE_SIGN_ENTITLEMENTS = Rekam/Rekam.entitlements;
				CODE_SIGN_STYLE = Automatic;
				COMBINE_HIDPI_IMAGES = YES;
				CURRENT_PROJECT_VERSION = 1;
				DEVELOPMENT_ASSET_PATHS = "\"Rekam/Preview Content\"";
				ENABLE_PREVIEWS = YES;
				GENERATE_INFOPLIST_FILE = YES;
				INFOPLIST_KEY_CFBundleDisplayName = Rekam;
				INFOPLIST_KEY_NSHumanReadableCopyright = "";
				INFOPLIST_KEY_NSMicrophoneUsageDescription = "Rekam records your microphone alongside the screen.";
				LD_RUNPATH_SEARCH_PATHS = (
					"$(inherited)",
					"@executable_path/../Frameworks",
				);
				MARKETING_VERSION = 1.0;
				PRODUCT_BUNDLE_IDENTIFIER = firhanram.Rekam;
				PRODUCT_NAME = "$(TARGET_NAME)";
				SWIFT_EMIT_LOC_STRINGS = YES;
				SWIFT_VERSION = 5.0;
			};
			name = Release;
		};
		04BE71C02FAC9D6800E245B1 /* Debug */ = {
			isa = XCBuildConfiguration;
			buildSettings = {
				BUNDLE_LOADER = "$(TEST_HOST)";
				CODE_SIGN_STYLE = Automatic;
				CURRENT_PROJECT_VERSION = 1;
				GENERATE_INFOPLIST_FILE = YES;
				MACOSX_DEPLOYMENT_TARGET = 15.1;
				MARKETING_VERSION = 1.0;
				PRODUCT_BUNDLE_IDENTIFIER = firhanram.RekamTests;
				PRODUCT_NAME = "$(TARGET_NAME)";
				SWIFT_EMIT_LOC_STRINGS = NO;
				SWIFT_VERSION = 5.0;
				TEST_HOST = "$(BUILT_PRODUCTS_DIR)/Rekam.app/$(BUNDLE_EXECUTABLE_FOLDER_PATH)/Rekam";
			};
			name = Debug;
		};
		04BE71C12FAC9D6800E245B1 /* Release */ = {
			isa = XCBuildConfiguration;
			buildSettings = {
				BUNDLE_LOADER = "$(TEST_HOST)";
				CODE_SIGN_STYLE = Automatic;
				CURRENT_PROJECT_VERSION = 1;
				GENERATE_INFOPLIST_FILE = YES;
				MACOSX_DEPLOYMENT_TARGET = 15.1;
				MARKETING_VERSION = 1.0;
				PRODUCT_BUNDLE_IDENTIFIER = firhanram.RekamTests;
				PRODUCT_NAME = "$(TARGET_NAME)";
				SWIFT_EMIT_LOC_STRINGS = NO;
				SWIFT_VERSION = 5.0;
				TEST_HOST = "$(BUILT_PRODUCTS_DIR)/Rekam.app/$(BUNDLE_EXECUTABLE_FOLDER_PATH)/Rekam";
			};
			name = Release;
		};
		04BE71C32FAC9D6800E245B1 /* Debug */ = {
			isa = XCBuildConfiguration;
			buildSettings = {
				CODE_SIGN_STYLE = Automatic;
				CURRENT_PROJECT_VERSION = 1;
				GENERATE_INFOPLIST_FILE = YES;
				MARKETING_VERSION = 1.0;
				PRODUCT_BUNDLE_IDENTIFIER = firhanram.RekamUITests;
				PRODUCT_NAME = "$(TARGET_NAME)";
				SWIFT_EMIT_LOC_STRINGS = NO;
				SWIFT_VERSION = 5.0;
				TEST_TARGET_NAME = Rekam;
			};
			name = Debug;
		};
		04BE71C42FAC9D6800E245B1 /* Release */ = {
			isa = XCBuildConfiguration;
			buildSettings = {
				CODE_SIGN_STYLE = Automatic;
				CURRENT_PROJECT_VERSION = 1;
				GENERATE_INFOPLIST_FILE = YES;
				MARKETING_VERSION = 1.0;
				PRODUCT_BUNDLE_IDENTIFIER = firhanram.RekamUITests;
				PRODUCT_NAME = "$(TARGET_NAME)";
				SWIFT_EMIT_LOC_STRINGS = NO;
				SWIFT_VERSION = 5.0;
				TEST_TARGET_NAME = Rekam;
			};
			name = Release;
		};
/* End XCBuildConfiguration section */

/* Begin XCConfigurationList section */
		04BE71922FAC9D6600E245B1 /* Build configuration list for PBXProject "Rekam" */ = {
			isa = XCConfigurationList;
			buildConfigurations = (
				04BE71BA2FAC9D6800E245B1 /* Debug */,
				04BE71BB2FAC9D6800E245B1 /* Release */,
			);
			defaultConfigurationIsVisible = 0;
			defaultConfigurationName = Release;
		};
		04BE71BC2FAC9D6800E245B1 /* Build configuration list for PBXNativeTarget "Rekam" */ = {
			isa = XCConfigurationList;
			buildConfigurations = (
				04BE71BD2FAC9D6800E245B1 /* Debug */,
				04BE71BE2FAC9D6800E245B1 /* Release */,
			);
			defaultConfigurationIsVisible = 0;
			defaultConfigurationName = Release;
		};
		04BE71BF2FAC9D6800E245B1 /* Build configuration list for PBXNativeTarget "RekamTests" */ = {
			isa = XCConfigurationList;
			buildConfigurations = (
				04BE71C02FAC9D6800E245B1 /* Debug */,
				04BE71C12FAC9D6800E245B1 /* Release */,
			);
			defaultConfigurationIsVisible = 0;
			defaultConfigurationName = Release;
		};
		04BE71C22FAC9D6800E245B1 /* Build configuration list for PBXNativeTarget "RekamUITests" */ = {
			isa = XCConfigurationList;
			buildConfigurations = (
				04BE71C32FAC9D6800E245B1 /* Debug */,
				04BE71C42FAC9D6800E245B1 /* Release */,
			);
			defaultConfigurationIsVisible = 0;
			defaultConfigurationName = Release;
		};
/* End XCConfigurationList section */
	};
	rootObject = 04BE718F2FAC9D6600E245B1 /* Project object */;
}
